
Microsoft Visual Studio Solution File, Format Version 12.00
# Visual Studio Version 16
VisualStudioVersion = 16.0.31321.278
MinimumVisualStudioVersion = 10.0.40219.1
Project("{FAE04EC0-301F-11D3-BF4B-00C04F79EFBC}") = "SimpleBankingSystem", "SimpleBankingSystem\SimpleBankingSystem.csproj", "{742612CE-EFA9-4004-850D-E006A6C50404}"
EndProject
Global
	GlobalSection(SolutionConfigurationPlatforms) = preSolution
		Debug|Any CPU = Debug|Any CPU
		Release|Any CPU = Release|Any CPU
	EndGlobalSection
	GlobalSection(ProjectConfigurationPlatforms) = postSolution
		{742612CE-EFA9-4004-850D-E006A6C50404}.Debug|Any CPU.ActiveCfg = Debug|Any CPU
		{742612CE-EFA9-4004-850D-E006A6C50404}.Debug|Any CPU.Build.0 = Debug|Any CPU
		{742612CE-EFA9-4004-850D-E006A6C50404}.Release|Any CPU.ActiveCfg = Release|Any CPU
		{742612CE-EFA9-4004-850D-E006A6C50404}.Release|Any CPU.Build.0 = Release|Any CPU
	EndGlobalSection
	GlobalSection(SolutionProperties) = preSolution
		HideSolutionNode = FALSE
	EndGlobalSection
	GlobalSection(ExtensibilityGlobals) = postSolution
		SolutionGuid = {38FC7FC1-BFE1-4D13-BA5B-BC5AE5719724}
	EndGlobalSection
EndGlobal
